// !$*UTF8*$!
{
	archiveVersion = 1;
	classes = {
	};
	objectVersion = 56;
	objects = {

/* Begin PBXBuildFile section */
		3F5189692CC1110600039B19 /* RecordingsListView.swift in Sources */ = {isa = PBXBuildFile; fileRef = 3F5189682CC1110600039B19 /* RecordingsListView.swift */; };
		3F60C0D62CAFC17F008D2AB3 /* AuthenticationManager.swift in Sources */ = {isa = PBXBuildFile; fileRef = 3F60C0D52CAFC17F008D2AB3 /* AuthenticationManager.swift */; };
		3F60C0D82CAFC1B8008D2AB3 /* AuthenticationView.swift in Sources */ = {isa = PBXBuildFile; fileRef = 3F60C0D72CAFC1B8008D2AB3 /* AuthenticationView.swift */; };
		3F60C0DA2CAFC2A1008D2AB3 /* AppDelegate.swift in Sources */ = {isa = PBXBuildFile; fileRef = 3F60C0D92CAFC2A1008D2AB3 /* AppDelegate.swift */; };
		CF38246E2CC2800000A3BE86 /* TabBar.swift in Sources */ = {isa = PBXBuildFile; fileRef = CF38246D2CC2800000A3BE86 /* TabBar.swift */; };
		CF3824A92CC3B39400A3BE86 /* GradientTextField.swift in Sources */ = {isa = PBXBuildFile; fileRef = CF3824A82CC3B39400A3BE86 /* GradientTextField.swift */; };
		CF3ED99F2CAD37C90087D136 /* SwiftSpeakApp.swift in Sources */ = {isa = PBXBuildFile; fileRef = CF3ED99E2CAD37C90087D136 /* SwiftSpeakApp.swift */; };
		CF3ED9A12CAD37C90087D136 /* ContentView.swift in Sources */ = {isa = PBXBuildFile; fileRef = CF3ED9A02CAD37C90087D136 /* ContentView.swift */; };
		CF3ED9A32CAD37CA0087D136 /* Assets.xcassets in Resources */ = {isa = PBXBuildFile; fileRef = CF3ED9A22CAD37CA0087D136 /* Assets.xcassets */; };
		CF3ED9A62CAD37CA0087D136 /* Preview Assets.xcassets in Resources */ = {isa = PBXBuildFile; fileRef = CF3ED9A52CAD37CA0087D136 /* Preview Assets.xcassets */; };
		CF3ED9A82CAD37CA0087D136 /* Persistence.swift in Sources */ = {isa = PBXBuildFile; fileRef = CF3ED9A72CAD37CA0087D136 /* Persistence.swift */; };
		CF3ED9AB2CAD37CA0087D136 /* SwiftSpeak.xcdatamodeld in Sources */ = {isa = PBXBuildFile; fileRef = CF3ED9A92CAD37CA0087D136 /* SwiftSpeak.xcdatamodeld */; };
		CF3ED9B52CAD37CA0087D136 /* SwiftSpeakTests.swift in Sources */ = {isa = PBXBuildFile; fileRef = CF3ED9B42CAD37CA0087D136 /* SwiftSpeakTests.swift */; };
		CF3ED9BF2CAD37CA0087D136 /* SwiftSpeakUITests.swift in Sources */ = {isa = PBXBuildFile; fileRef = CF3ED9BE2CAD37CA0087D136 /* SwiftSpeakUITests.swift */; };
		CF3ED9C12CAD37CA0087D136 /* SwiftSpeakUITestsLaunchTests.swift in Sources */ = {isa = PBXBuildFile; fileRef = CF3ED9C02CAD37CA0087D136 /* SwiftSpeakUITestsLaunchTests.swift */; };
		CF3ED9CE2CAD37EB0087D136 /* SpeechRecognizer.swift in Sources */ = {isa = PBXBuildFile; fileRef = CF3ED9CD2CAD37EB0087D136 /* SpeechRecognizer.swift */; };
		CF3ED9D02CAD38050087D136 /* MeetingView.swift in Sources */ = {isa = PBXBuildFile; fileRef = CF3ED9CF2CAD38050087D136 /* MeetingView.swift */; };
		CF3ED9D82CAD83B40087D136 /* UserSelectSpeedTypeView.swift in Sources */ = {isa = PBXBuildFile; fileRef = CF3ED9D72CAD83B40087D136 /* UserSelectSpeedTypeView.swift */; };
		CF7A65982CB520160016C4E8 /* button.riv in Resources */ = {isa = PBXBuildFile; fileRef = CF7A65902CB520160016C4E8 /* button.riv */; };
		CF7A65992CB520160016C4E8 /* check.riv in Resources */ = {isa = PBXBuildFile; fileRef = CF7A65912CB520160016C4E8 /* check.riv */; };
		CF7A659A2CB520160016C4E8 /* confetti.riv in Resources */ = {isa = PBXBuildFile; fileRef = CF7A65922CB520160016C4E8 /* confetti.riv */; };
		CF7A659B2CB520160016C4E8 /* house.riv in Resources */ = {isa = PBXBuildFile; fileRef = CF7A65932CB520160016C4E8 /* house.riv */; };
		CF7A659C2CB520160016C4E8 /* icons.riv in Resources */ = {isa = PBXBuildFile; fileRef = CF7A65942CB520160016C4E8 /* icons.riv */; };
		CF7A659D2CB520160016C4E8 /* menu_button.riv in Resources */ = {isa = PBXBuildFile; fileRef = CF7A65952CB520160016C4E8 /* menu_button.riv */; };
		CF7A659E2CB520160016C4E8 /* shapes.riv in Resources */ = {isa = PBXBuildFile; fileRef = CF7A65962CB520160016C4E8 /* shapes.riv */; };
		CF7A65A12CB5203C0016C4E8 /* RiveRuntime in Frameworks */ = {isa = PBXBuildFile; productRef = CF7A65A02CB5203C0016C4E8 /* RiveRuntime */; };
		CFABDF432CC3B69400724489 /* GradientIconTextField.swift in Sources */ = {isa = PBXBuildFile; fileRef = CFABDF422CC3B69400724489 /* GradientIconTextField.swift */; };
		CFABDF452CC3B6F200724489 /* VisualEffectBlur.swift in Sources */ = {isa = PBXBuildFile; fileRef = CFABDF442CC3B6EA00724489 /* VisualEffectBlur.swift */; };
		CFABDF472CC3D41200724489 /* shapes_2.riv in Resources */ = {isa = PBXBuildFile; fileRef = CFABDF462CC3D41200724489 /* shapes_2.riv */; };
		CFABDF4C2CC3FF2C00724489 /* Inter-SemiBold.ttf in Resources */ = {isa = PBXBuildFile; fileRef = CFABDF492CC3FF2C00724489 /* Inter-SemiBold.ttf */; };
		CFABDF4D2CC3FF2C00724489 /* Poppins-Bold.ttf in Resources */ = {isa = PBXBuildFile; fileRef = CFABDF4A2CC3FF2C00724489 /* Poppins-Bold.ttf */; };
		CFABDF4E2CC3FF2C00724489 /* Inter-Regular.ttf in Resources */ = {isa = PBXBuildFile; fileRef = CFABDF482CC3FF2C00724489 /* Inter-Regular.ttf */; };
		CFABDF512CC4016B00724489 /* Poppins-Medium.ttf in Resources */ = {isa = PBXBuildFile; fileRef = CFABDF4F2CC4016B00724489 /* Poppins-Medium.ttf */; };
		CFABDF522CC4016B00724489 /* Poppins-SemiBold.ttf in Resources */ = {isa = PBXBuildFile; fileRef = CFABDF502CC4016B00724489 /* Poppins-SemiBold.ttf */; };
		CFABDF542CC403E500724489 /* RadialButton.swift in Sources */ = {isa = PBXBuildFile; fileRef = CFABDF532CC403E500724489 /* RadialButton.swift */; };
		CFCBC5CB2CADB49300833DB2 /* Constants.swift in Sources */ = {isa = PBXBuildFile; fileRef = CFCBC5CA2CADB49300833DB2 /* Constants.swift */; };
		CFCBC6C92CB138CE00833DB2 /* GoogleService-Info.plist in Resources */ = {isa = PBXBuildFile; fileRef = CFCBC6C82CB138CE00833DB2 /* GoogleService-Info.plist */; };
		CFCBC6CE2CB1394000833DB2 /* FacebookBasics in Frameworks */ = {isa = PBXBuildFile; productRef = CFCBC6CD2CB1394000833DB2 /* FacebookBasics */; };
		CFCBC6D02CB1394000833DB2 /* FacebookCore in Frameworks */ = {isa = PBXBuildFile; productRef = CFCBC6CF2CB1394000833DB2 /* FacebookCore */; };
		CFCBC6D42CB1394000833DB2 /* FacebookLogin in Frameworks */ = {isa = PBXBuildFile; productRef = CFCBC6D32CB1394000833DB2 /* FacebookLogin */; };
		CFCBC6DB2CB139B800833DB2 /* FirebaseAuth in Frameworks */ = {isa = PBXBuildFile; productRef = CFCBC6DA2CB139B800833DB2 /* FirebaseAuth */; };
		CFCBC6DD2CB139B800833DB2 /* FirebaseAuthCombine-Community in Frameworks */ = {isa = PBXBuildFile; productRef = CFCBC6DC2CB139B800833DB2 /* FirebaseAuthCombine-Community */; };
		CFCBC6DF2CB139B800833DB2 /* FirebaseCore in Frameworks */ = {isa = PBXBuildFile; productRef = CFCBC6DE2CB139B800833DB2 /* FirebaseCore */; };
		CFCBC6E12CB139B800833DB2 /* FirebaseDatabase in Frameworks */ = {isa = PBXBuildFile; productRef = CFCBC6E02CB139B800833DB2 /* FirebaseDatabase */; };
		CFCBC6E32CB139B800833DB2 /* FirebaseFirestore in Frameworks */ = {isa = PBXBuildFile; productRef = CFCBC6E22CB139B800833DB2 /* FirebaseFirestore */; };
		CFCBC6E52CB139B800833DB2 /* FirebaseStorage in Frameworks */ = {isa = PBXBuildFile; productRef = CFCBC6E42CB139B800833DB2 /* FirebaseStorage */; };
		CFCBC6E82CB15D3200833DB2 /* GoogleSignIn in Frameworks */ = {isa = PBXBuildFile; productRef = CFCBC6E72CB15D3200833DB2 /* GoogleSignIn */; };
		CFCBC6EA2CB15D3200833DB2 /* GoogleSignInSwift in Frameworks */ = {isa = PBXBuildFile; productRef = CFCBC6E92CB15D3200833DB2 /* GoogleSignInSwift */; };
		CFCBC6EC2CB1616C00833DB2 /* MessageHelper.swift in Sources */ = {isa = PBXBuildFile; fileRef = CFCBC6EB2CB1616C00833DB2 /* MessageHelper.swift */; };
		CFCBC6EE2CB166AB00833DB2 /* UserProfileView.swift in Sources */ = {isa = PBXBuildFile; fileRef = CFCBC6ED2CB166AB00833DB2 /* UserProfileView.swift */; };
		CFCBC6F12CB1677C00833DB2 /* UserProfileModel.swift in Sources */ = {isa = PBXBuildFile; fileRef = CFCBC6F02CB1677C00833DB2 /* UserProfileModel.swift */; };
		CFCBC6F42CB173D700833DB2 /* SolidButton.swift in Sources */ = {isa = PBXBuildFile; fileRef = CFCBC6F32CB173D700833DB2 /* SolidButton.swift */; };
		CFCBC6F72CB17D2300833DB2 /* SplashScreen.swift in Sources */ = {isa = PBXBuildFile; fileRef = CFCBC6F62CB17D2300833DB2 /* SplashScreen.swift */; };
		CFCBC6F92CB1A53200833DB2 /* Extensions.swift in Sources */ = {isa = PBXBuildFile; fileRef = CFCBC6F82CB1A53200833DB2 /* Extensions.swift */; };
/* End PBXBuildFile section */

/* Begin PBXContainerItemProxy section */
		CF3ED9B12CAD37CA0087D136 /* PBXContainerItemProxy */ = {
			isa = PBXContainerItemProxy;
			containerPortal = CF3ED9932CAD37C90087D136 /* Project object */;
			proxyType = 1;
			remoteGlobalIDString = CF3ED99A2CAD37C90087D136;
			remoteInfo = SwiftSpeak;
		};
		CF3ED9BB2CAD37CA0087D136 /* PBXContainerItemProxy */ = {
			isa = PBXContainerItemProxy;
			containerPortal = CF3ED9932CAD37C90087D136 /* Project object */;
			proxyType = 1;
			remoteGlobalIDString = CF3ED99A2CAD37C90087D136;
			remoteInfo = SwiftSpeak;
		};
/* End PBXContainerItemProxy section */

/* Begin PBXFileReference section */
		3F5189682CC1110600039B19 /* RecordingsListView.swift */ = {isa = PBXFileReference; lastKnownFileType = sourcecode.swift; path = RecordingsListView.swift; sourceTree = "<group>"; };
		3F60C0D52CAFC17F008D2AB3 /* AuthenticationManager.swift */ = {isa = PBXFileReference; lastKnownFileType = sourcecode.swift; path = AuthenticationManager.swift; sourceTree = "<group>"; };
		3F60C0D72CAFC1B8008D2AB3 /* AuthenticationView.swift */ = {isa = PBXFileReference; lastKnownFileType = sourcecode.swift; path = AuthenticationView.swift; sourceTree = "<group>"; };
		3F60C0D92CAFC2A1008D2AB3 /* AppDelegate.swift */ = {isa = PBXFileReference; lastKnownFileType = sourcecode.swift; path = AppDelegate.swift; sourceTree = "<group>"; };
		CF38246D2CC2800000A3BE86 /* TabBar.swift */ = {isa = PBXFileReference; lastKnownFileType = sourcecode.swift; path = TabBar.swift; sourceTree = "<group>"; };
		CF3824A82CC3B39400A3BE86 /* GradientTextField.swift */ = {isa = PBXFileReference; lastKnownFileType = sourcecode.swift; path = GradientTextField.swift; sourceTree = "<group>"; };
		CF3ED99B2CAD37C90087D136 /* SwiftSpeak.app */ = {isa = PBXFileReference; explicitFileType = wrapper.application; includeInIndex = 0; path = SwiftSpeak.app; sourceTree = BUILT_PRODUCTS_DIR; };
		CF3ED99E2CAD37C90087D136 /* SwiftSpeakApp.swift */ = {isa = PBXFileReference; lastKnownFileType = sourcecode.swift; path = SwiftSpeakApp.swift; sourceTree = "<group>"; };
		CF3ED9A02CAD37C90087D136 /* ContentView.swift */ = {isa = PBXFileReference; lastKnownFileType = sourcecode.swift; path = ContentView.swift; sourceTree = "<group>"; };
		CF3ED9A22CAD37CA0087D136 /* Assets.xcassets */ = {isa = PBXFileReference; lastKnownFileType = folder.assetcatalog; path = Assets.xcassets; sourceTree = "<group>"; };
		CF3ED9A52CAD37CA0087D136 /* Preview Assets.xcassets */ = {isa = PBXFileReference; lastKnownFileType = folder.assetcatalog; path = "Preview Assets.xcassets"; sourceTree = "<group>"; };
		CF3ED9A72CAD37CA0087D136 /* Persistence.swift */ = {isa = PBXFileReference; lastKnownFileType = sourcecode.swift; path = Persistence.swift; sourceTree = "<group>"; };
		CF3ED9AA2CAD37CA0087D136 /* SwiftSpeak.xcdatamodel */ = {isa = PBXFileReference; lastKnownFileType = wrapper.xcdatamodel; path = SwiftSpeak.xcdatamodel; sourceTree = "<group>"; };
		CF3ED9B02CAD37CA0087D136 /* SwiftSpeakTests.xctest */ = {isa = PBXFileReference; explicitFileType = wrapper.cfbundle; includeInIndex = 0; path = SwiftSpeakTests.xctest; sourceTree = BUILT_PRODUCTS_DIR; };
		CF3ED9B42CAD37CA0087D136 /* SwiftSpeakTests.swift */ = {isa = PBXFileReference; lastKnownFileType = sourcecode.swift; path = SwiftSpeakTests.swift; sourceTree = "<group>"; };
		CF3ED9BA2CAD37CA0087D136 /* SwiftSpeakUITests.xctest */ = {isa = PBXFileReference; explicitFileType = wrapper.cfbundle; includeInIndex = 0; path = SwiftSpeakUITests.xctest; sourceTree = BUILT_PRODUCTS_DIR; };
		CF3ED9BE2CAD37CA0087D136 /* SwiftSpeakUITests.swift */ = {isa = PBXFileReference; lastKnownFileType = sourcecode.swift; path = SwiftSpeakUITests.swift; sourceTree = "<group>"; };
		CF3ED9C02CAD37CA0087D136 /* SwiftSpeakUITestsLaunchTests.swift */ = {isa = PBXFileReference; lastKnownFileType = sourcecode.swift; path = SwiftSpeakUITestsLaunchTests.swift; sourceTree = "<group>"; };
		CF3ED9CD2CAD37EB0087D136 /* SpeechRecognizer.swift */ = {isa = PBXFileReference; lastKnownFileType = sourcecode.swift; path = SpeechRecognizer.swift; sourceTree = "<group>"; };
		CF3ED9CF2CAD38050087D136 /* MeetingView.swift */ = {isa = PBXFileReference; lastKnownFileType = sourcecode.swift; path = MeetingView.swift; sourceTree = "<group>"; };
		CF3ED9D12CAD38D20087D136 /* Info.plist */ = {isa = PBXFileReference; lastKnownFileType = text.plist; path = Info.plist; sourceTree = "<group>"; };
		CF3ED9D72CAD83B40087D136 /* UserSelectSpeedTypeView.swift */ = {isa = PBXFileReference; lastKnownFileType = sourcecode.swift; path = UserSelectSpeedTypeView.swift; sourceTree = "<group>"; };
		CF7A65902CB520160016C4E8 /* button.riv */ = {isa = PBXFileReference; lastKnownFileType = file; path = button.riv; sourceTree = "<group>"; };
		CF7A65912CB520160016C4E8 /* check.riv */ = {isa = PBXFileReference; lastKnownFileType = file; path = check.riv; sourceTree = "<group>"; };
		CF7A65922CB520160016C4E8 /* confetti.riv */ = {isa = PBXFileReference; lastKnownFileType = file; path = confetti.riv; sourceTree = "<group>"; };
		CF7A65932CB520160016C4E8 /* house.riv */ = {isa = PBXFileReference; lastKnownFileType = file; path = house.riv; sourceTree = "<group>"; };
		CF7A65942CB520160016C4E8 /* icons.riv */ = {isa = PBXFileReference; lastKnownFileType = file; path = icons.riv; sourceTree = "<group>"; };
		CF7A65952CB520160016C4E8 /* menu_button.riv */ = {isa = PBXFileReference; lastKnownFileType = file; path = menu_button.riv; sourceTree = "<group>"; };
		CF7A65962CB520160016C4E8 /* shapes.riv */ = {isa = PBXFileReference; lastKnownFileType = file; path = shapes.riv; sourceTree = "<group>"; };
		CFABDF422CC3B69400724489 /* GradientIconTextField.swift */ = {isa = PBXFileReference; lastKnownFileType = sourcecode.swift; path = GradientIconTextField.swift; sourceTree = "<group>"; };
		CFABDF442CC3B6EA00724489 /* VisualEffectBlur.swift */ = {isa = PBXFileReference; lastKnownFileType = sourcecode.swift; path = VisualEffectBlur.swift; sourceTree = "<group>"; };
		CFABDF462CC3D41200724489 /* shapes_2.riv */ = {isa = PBXFileReference; lastKnownFileType = file; path = shapes_2.riv; sourceTree = "<group>"; };
		CFABDF482CC3FF2C00724489 /* Inter-Regular.ttf */ = {isa = PBXFileReference; lastKnownFileType = file; path = "Inter-Regular.ttf"; sourceTree = "<group>"; };
		CFABDF492CC3FF2C00724489 /* Inter-SemiBold.ttf */ = {isa = PBXFileReference; lastKnownFileType = file; path = "Inter-SemiBold.ttf"; sourceTree = "<group>"; };
		CFABDF4A2CC3FF2C00724489 /* Poppins-Bold.ttf */ = {isa = PBXFileReference; lastKnownFileType = file; path = "Poppins-Bold.ttf"; sourceTree = "<group>"; };
		CFABDF4F2CC4016B00724489 /* Poppins-Medium.ttf */ = {isa = PBXFileReference; lastKnownFileType = file; path = "Poppins-Medium.ttf"; sourceTree = "<group>"; };
		CFABDF502CC4016B00724489 /* Poppins-SemiBold.ttf */ = {isa = PBXFileReference; lastKnownFileType = file; path = "Poppins-SemiBold.ttf"; sourceTree = "<group>"; };
		CFABDF532CC403E500724489 /* RadialButton.swift */ = {isa = PBXFileReference; lastKnownFileType = sourcecode.swift; path = RadialButton.swift; sourceTree = "<group>"; };
		CFCBC5CA2CADB49300833DB2 /* Constants.swift */ = {isa = PBXFileReference; lastKnownFileType = sourcecode.swift; path = Constants.swift; sourceTree = "<group>"; };
		CFCBC6C82CB138CE00833DB2 /* GoogleService-Info.plist */ = {isa = PBXFileReference; fileEncoding = 4; lastKnownFileType = text.plist.xml; path = "GoogleService-Info.plist"; sourceTree = "<group>"; };
		CFCBC6EB2CB1616C00833DB2 /* MessageHelper.swift */ = {isa = PBXFileReference; lastKnownFileType = sourcecode.swift; path = MessageHelper.swift; sourceTree = "<group>"; };
		CFCBC6ED2CB166AB00833DB2 /* UserProfileView.swift */ = {isa = PBXFileReference; lastKnownFileType = sourcecode.swift; path = UserProfileView.swift; sourceTree = "<group>"; };
		CFCBC6F02CB1677C00833DB2 /* UserProfileModel.swift */ = {isa = PBXFileReference; lastKnownFileType = sourcecode.swift; path = UserProfileModel.swift; sourceTree = "<group>"; };
		CFCBC6F32CB173D700833DB2 /* SolidButton.swift */ = {isa = PBXFileReference; lastKnownFileType = sourcecode.swift; path = SolidButton.swift; sourceTree = "<group>"; };
		CFCBC6F62CB17D2300833DB2 /* SplashScreen.swift */ = {isa = PBXFileReference; lastKnownFileType = sourcecode.swift; path = SplashScreen.swift; sourceTree = "<group>"; };
		CFCBC6F82CB1A53200833DB2 /* Extensions.swift */ = {isa = PBXFileReference; lastKnownFileType = sourcecode.swift; path = Extensions.swift; sourceTree = "<group>"; };
/* End PBXFileReference section */

/* Begin PBXFrameworksBuildPhase section */
		CF3ED9982CAD37C90087D136 /* Frameworks */ = {
			isa = PBXFrameworksBuildPhase;
			buildActionMask = 2147483647;
			files = (
				CFCBC6D42CB1394000833DB2 /* FacebookLogin in Frameworks */,
				CFCBC6DD2CB139B800833DB2 /* FirebaseAuthCombine-Community in Frameworks */,
				CFCBC6D02CB1394000833DB2 /* FacebookCore in Frameworks */,
				CFCBC6E32CB139B800833DB2 /* FirebaseFirestore in Frameworks */,
				CFCBC6CE2CB1394000833DB2 /* FacebookBasics in Frameworks */,
				CF7A65A12CB5203C0016C4E8 /* RiveRuntime in Frameworks */,
				CFCBC6E82CB15D3200833DB2 /* GoogleSignIn in Frameworks */,
				CFCBC6DF2CB139B800833DB2 /* FirebaseCore in Frameworks */,
				CFCBC6E52CB139B800833DB2 /* FirebaseStorage in Frameworks */,
				CFCBC6E12CB139B800833DB2 /* FirebaseDatabase in Frameworks */,
				CFCBC6DB2CB139B800833DB2 /* FirebaseAuth in Frameworks */,
				CFCBC6EA2CB15D3200833DB2 /* GoogleSignInSwift in Frameworks */,
			);
			runOnlyForDeploymentPostprocessing = 0;
		};
		CF3ED9AD2CAD37CA0087D136 /* Frameworks */ = {
			isa = PBXFrameworksBuildPhase;
			buildActionMask = 2147483647;
			files = (
			);
			runOnlyForDeploymentPostprocessing = 0;
		};
		CF3ED9B72CAD37CA0087D136 /* Frameworks */ = {
			isa = PBXFrameworksBuildPhase;
			buildActionMask = 2147483647;
			files = (
			);
			runOnlyForDeploymentPostprocessing = 0;
		};
/* End PBXFrameworksBuildPhase section */

/* Begin PBXGroup section */
		CF3824A52CC3B37100A3BE86 /* TextField */ = {
			isa = PBXGroup;
			children = (
				CF3824A82CC3B39400A3BE86 /* GradientTextField.swift */,
				CFABDF422CC3B69400724489 /* GradientIconTextField.swift */,
			);
			path = TextField;
			sourceTree = "<group>";
		};
		CF3ED9922CAD37C90087D136 = {
			isa = PBXGroup;
			children = (
				CF3ED99D2CAD37C90087D136 /* SwiftSpeak */,
				CF3ED9B32CAD37CA0087D136 /* SwiftSpeakTests */,
				CF3ED9BD2CAD37CA0087D136 /* SwiftSpeakUITests */,
				CF3ED99C2CAD37C90087D136 /* Products */,
			);
			sourceTree = "<group>";
		};
		CF3ED99C2CAD37C90087D136 /* Products */ = {
			isa = PBXGroup;
			children = (
				CF3ED99B2CAD37C90087D136 /* SwiftSpeak.app */,
				CF3ED9B02CAD37CA0087D136 /* SwiftSpeakTests.xctest */,
				CF3ED9BA2CAD37CA0087D136 /* SwiftSpeakUITests.xctest */,
			);
			name = Products;
			sourceTree = "<group>";
		};
		CF3ED99D2CAD37C90087D136 /* SwiftSpeak */ = {
			isa = PBXGroup;
			children = (
				CF7A65972CB520160016C4E8 /* RiveAssets */,
				CFCBC6EF2CB1676E00833DB2 /* Models */,
				CFCBC6C82CB138CE00833DB2 /* GoogleService-Info.plist */,
				CFCBC5C92CADB48500833DB2 /* Constants */,
				CF3ED9D52CAD82A90087D136 /* Helpers */,
				CF3ED9D42CAD82A10087D136 /* ViewModels */,
				CF3ED9D32CAD829C0087D136 /* Components */,
				CF3ED9D22CAD82970087D136 /* Views */,
				CF3ED9D12CAD38D20087D136 /* Info.plist */,
				CFABDF4B2CC3FF2C00724489 /* Fonts */,
				CF3ED99E2CAD37C90087D136 /* SwiftSpeakApp.swift */,
				CF3ED9A02CAD37C90087D136 /* ContentView.swift */,
				3F60C0D92CAFC2A1008D2AB3 /* AppDelegate.swift */,
				CF3ED9A22CAD37CA0087D136 /* Assets.xcassets */,
				CF3ED9A72CAD37CA0087D136 /* Persistence.swift */,
				CF3ED9A92CAD37CA0087D136 /* SwiftSpeak.xcdatamodeld */,
				CF3ED9A42CAD37CA0087D136 /* Preview Content */,
			);
			path = SwiftSpeak;
			sourceTree = "<group>";
		};
		CF3ED9A42CAD37CA0087D136 /* Preview Content */ = {
			isa = PBXGroup;
			children = (
				CF3ED9A52CAD37CA0087D136 /* Preview Assets.xcassets */,
			);
			path = "Preview Content";
			sourceTree = "<group>";
		};
		CF3ED9B32CAD37CA0087D136 /* SwiftSpeakTests */ = {
			isa = PBXGroup;
			children = (
				CF3ED9B42CAD37CA0087D136 /* SwiftSpeakTests.swift */,
			);
			path = SwiftSpeakTests;
			sourceTree = "<group>";
		};
		CF3ED9BD2CAD37CA0087D136 /* SwiftSpeakUITests */ = {
			isa = PBXGroup;
			children = (
				CF3ED9BE2CAD37CA0087D136 /* SwiftSpeakUITests.swift */,
				CF3ED9C02CAD37CA0087D136 /* SwiftSpeakUITestsLaunchTests.swift */,
			);
			path = SwiftSpeakUITests;
			sourceTree = "<group>";
		};
		CF3ED9D22CAD82970087D136 /* Views */ = {
			isa = PBXGroup;
			children = (
				CF3ED9CF2CAD38050087D136 /* MeetingView.swift */,
				CF3ED9D72CAD83B40087D136 /* UserSelectSpeedTypeView.swift */,
				3F60C0D72CAFC1B8008D2AB3 /* AuthenticationView.swift */,
				CFCBC6ED2CB166AB00833DB2 /* UserProfileView.swift */,
				3F5189682CC1110600039B19 /* RecordingsListView.swift */,
			);
			path = Views;
			sourceTree = "<group>";
		};
		CF3ED9D32CAD829C0087D136 /* Components */ = {
			isa = PBXGroup;
			children = (
				CF3824A52CC3B37100A3BE86 /* TextField */,
				CFCBC6F52CB17D1A00833DB2 /* Loadings */,
				CFCBC6F22CB173CC00833DB2 /* Buttons */,
				CF38246D2CC2800000A3BE86 /* TabBar.swift */,
			);
			path = Components;
			sourceTree = "<group>";
		};
		CF3ED9D42CAD82A10087D136 /* ViewModels */ = {
			isa = PBXGroup;
			children = (
			);
			path = ViewModels;
			sourceTree = "<group>";
		};
		CF3ED9D52CAD82A90087D136 /* Helpers */ = {
			isa = PBXGroup;
			children = (
				CFABDF442CC3B6EA00724489 /* VisualEffectBlur.swift */,
				CF3ED9CD2CAD37EB0087D136 /* SpeechRecognizer.swift */,
				3F60C0D52CAFC17F008D2AB3 /* AuthenticationManager.swift */,
				CFCBC6EB2CB1616C00833DB2 /* MessageHelper.swift */,
				CFCBC6F82CB1A53200833DB2 /* Extensions.swift */,
			);
			path = Helpers;
			sourceTree = "<group>";
		};
		CF7A65972CB520160016C4E8 /* RiveAssets */ = {
			isa = PBXGroup;
			children = (
				CFABDF462CC3D41200724489 /* shapes_2.riv */,
				CF7A65902CB520160016C4E8 /* button.riv */,
				CF7A65912CB520160016C4E8 /* check.riv */,
				CF7A65922CB520160016C4E8 /* confetti.riv */,
				CF7A65932CB520160016C4E8 /* house.riv */,
				CF7A65942CB520160016C4E8 /* icons.riv */,
				CF7A65952CB520160016C4E8 /* menu_button.riv */,
				CF7A65962CB520160016C4E8 /* shapes.riv */,
			);
			path = RiveAssets;
			sourceTree = "<group>";
		};
		CFABDF4B2CC3FF2C00724489 /* Fonts */ = {
			isa = PBXGroup;
			children = (
				CFABDF4F2CC4016B00724489 /* Poppins-Medium.ttf */,
				CFABDF502CC4016B00724489 /* Poppins-SemiBold.ttf */,
				CFABDF482CC3FF2C00724489 /* Inter-Regular.ttf */,
				CFABDF492CC3FF2C00724489 /* Inter-SemiBold.ttf */,
				CFABDF4A2CC3FF2C00724489 /* Poppins-Bold.ttf */,
			);
			path = Fonts;
			sourceTree = "<group>";
		};
		CFCBC5C92CADB48500833DB2 /* Constants */ = {
			isa = PBXGroup;
			children = (
				CFCBC5CA2CADB49300833DB2 /* Constants.swift */,
			);
			path = Constants;
			sourceTree = "<group>";
		};
		CFCBC6EF2CB1676E00833DB2 /* Models */ = {
			isa = PBXGroup;
			children = (
				CFCBC6F02CB1677C00833DB2 /* UserProfileModel.swift */,
			);
			path = Models;
			sourceTree = "<group>";
		};
		CFCBC6F22CB173CC00833DB2 /* Buttons */ = {
			isa = PBXGroup;
			children = (
				CFCBC6F32CB173D700833DB2 /* SolidButton.swift */,
				CFABDF532CC403E500724489 /* RadialButton.swift */,
			);
			path = Buttons;
			sourceTree = "<group>";
		};
		CFCBC6F52CB17D1A00833DB2 /* Loadings */ = {
			isa = PBXGroup;
			children = (
				CFCBC6F62CB17D2300833DB2 /* SplashScreen.swift */,
			);
			path = Loadings;
			sourceTree = "<group>";
		};
/* End PBXGroup section */

/* Begin PBXNativeTarget section */
		CF3ED99A2CAD37C90087D136 /* SwiftSpeak */ = {
			isa = PBXNativeTarget;
			buildConfigurationList = CF3ED9C42CAD37CA0087D136 /* Build configuration list for PBXNativeTarget "SwiftSpeak" */;
			buildPhases = (
				CF3ED9972CAD37C90087D136 /* Sources */,
				CF3ED9982CAD37C90087D136 /* Frameworks */,
				CF3ED9992CAD37C90087D136 /* Resources */,
			);
			buildRules = (
			);
			dependencies = (
			);
			name = SwiftSpeak;
			packageProductDependencies = (
				CFCBC6CD2CB1394000833DB2 /* FacebookBasics */,
				CFCBC6CF2CB1394000833DB2 /* FacebookCore */,
				CFCBC6D32CB1394000833DB2 /* FacebookLogin */,
				CFCBC6DA2CB139B800833DB2 /* FirebaseAuth */,
				CFCBC6DC2CB139B800833DB2 /* FirebaseAuthCombine-Community */,
				CFCBC6DE2CB139B800833DB2 /* FirebaseCore */,
				CFCBC6E02CB139B800833DB2 /* FirebaseDatabase */,
				CFCBC6E22CB139B800833DB2 /* FirebaseFirestore */,
				CFCBC6E42CB139B800833DB2 /* FirebaseStorage */,
				CFCBC6E72CB15D3200833DB2 /* GoogleSignIn */,
				CFCBC6E92CB15D3200833DB2 /* GoogleSignInSwift */,
				CF7A65A02CB5203C0016C4E8 /* RiveRuntime */,
			);
			productName = SwiftSpeak;
			productReference = CF3ED99B2CAD37C90087D136 /* SwiftSpeak.app */;
			productType = "com.apple.product-type.application";
		};
		CF3ED9AF2CAD37CA0087D136 /* SwiftSpeakTests */ = {
			isa = PBXNativeTarget;
			buildConfigurationList = CF3ED9C72CAD37CA0087D136 /* Build configuration list for PBXNativeTarget "SwiftSpeakTests" */;
			buildPhases = (
				CF3ED9AC2CAD37CA0087D136 /* Sources */,
				CF3ED9AD2CAD37CA0087D136 /* Frameworks */,
				CF3ED9AE2CAD37CA0087D136 /* Resources */,
			);
			buildRules = (
			);
			dependencies = (
				CF3ED9B22CAD37CA0087D136 /* PBXTargetDependency */,
			);
			name = SwiftSpeakTests;
			productName = SwiftSpeakTests;
			productReference = CF3ED9B02CAD37CA0087D136 /* SwiftSpeakTests.xctest */;
			productType = "com.apple.product-type.bundle.unit-test";
		};
		CF3ED9B92CAD37CA0087D136 /* SwiftSpeakUITests */ = {
			isa = PBXNativeTarget;
			buildConfigurationList = CF3ED9CA2CAD37CA0087D136 /* Build configuration list for PBXNativeTarget "SwiftSpeakUITests" */;
			buildPhases = (
				CF3ED9B62CAD37CA0087D136 /* Sources */,
				CF3ED9B72CAD37CA0087D136 /* Frameworks */,
				CF3ED9B82CAD37CA0087D136 /* Resources */,
			);
			buildRules = (
			);
			dependencies = (
				CF3ED9BC2CAD37CA0087D136 /* PBXTargetDependency */,
			);
			name = SwiftSpeakUITests;
			productName = SwiftSpeakUITests;
			productReference = CF3ED9BA2CAD37CA0087D136 /* SwiftSpeakUITests.xctest */;
			productType = "com.apple.product-type.bundle.ui-testing";
		};
/* End PBXNativeTarget section */

/* Begin PBXProject section */
		CF3ED9932CAD37C90087D136 /* Project object */ = {
			isa = PBXProject;
			attributes = {
				BuildIndependentTargetsInParallel = 1;
				LastSwiftUpdateCheck = 1540;
				LastUpgradeCheck = 1600;
				TargetAttributes = {
					CF3ED99A2CAD37C90087D136 = {
						CreatedOnToolsVersion = 15.4;
					};
					CF3ED9AF2CAD37CA0087D136 = {
						CreatedOnToolsVersion = 15.4;
						TestTargetID = CF3ED99A2CAD37C90087D136;
					};
					CF3ED9B92CAD37CA0087D136 = {
						CreatedOnToolsVersion = 15.4;
						TestTargetID = CF3ED99A2CAD37C90087D136;
					};
				};
			};
			buildConfigurationList = CF3ED9962CAD37C90087D136 /* Build configuration list for PBXProject "SwiftSpeak" */;
			compatibilityVersion = "Xcode 14.0";
			developmentRegion = en;
			hasScannedForEncodings = 0;
			knownRegions = (
				en,
				Base,
			);
			mainGroup = CF3ED9922CAD37C90087D136;
			packageReferences = (
				CFCBC6CA2CB1394000833DB2 /* XCRemoteSwiftPackageReference "facebook-ios-sdk" */,
				CFCBC6D92CB139B800833DB2 /* XCRemoteSwiftPackageReference "firebase-ios-sdk" */,
				CFCBC6E62CB15D3200833DB2 /* XCRemoteSwiftPackageReference "GoogleSignIn-iOS" */,
				CF7A659F2CB5203C0016C4E8 /* XCRemoteSwiftPackageReference "rive-ios" */,
			);
			productRefGroup = CF3ED99C2CAD37C90087D136 /* Products */;
			projectDirPath = "";
			projectRoot = "";
			targets = (
				CF3ED99A2CAD37C90087D136 /* SwiftSpeak */,
				CF3ED9AF2CAD37CA0087D136 /* SwiftSpeakTests */,
				CF3ED9B92CAD37CA0087D136 /* SwiftSpeakUITests */,
			);
		};
/* End PBXProject section */

/* Begin PBXResourcesBuildPhase section */
		CF3ED9992CAD37C90087D136 /* Resources */ = {
			isa = PBXResourcesBuildPhase;
			buildActionMask = 2147483647;
			files = (
				CF7A65992CB520160016C4E8 /* check.riv in Resources */,
				CFABDF4C2CC3FF2C00724489 /* Inter-SemiBold.ttf in Resources */,
				CFABDF4D2CC3FF2C00724489 /* Poppins-Bold.ttf in Resources */,
				CFABDF4E2CC3FF2C00724489 /* Inter-Regular.ttf in Resources */,
				CF7A659A2CB520160016C4E8 /* confetti.riv in Resources */,
				CF3ED9A62CAD37CA0087D136 /* Preview Assets.xcassets in Resources */,
				CFABDF472CC3D41200724489 /* shapes_2.riv in Resources */,
				CF7A65982CB520160016C4E8 /* button.riv in Resources */,
				CFABDF512CC4016B00724489 /* Poppins-Medium.ttf in Resources */,
				CFABDF522CC4016B00724489 /* Poppins-SemiBold.ttf in Resources */,
				CF7A659C2CB520160016C4E8 /* icons.riv in Resources */,
				CF7A659E2CB520160016C4E8 /* shapes.riv in Resources */,
				CF7A659B2CB520160016C4E8 /* house.riv in Resources */,
				CF3ED9A32CAD37CA0087D136 /* Assets.xcassets in Resources */,
				CFCBC6C92CB138CE00833DB2 /* GoogleService-Info.plist in Resources */,
				CF7A659D2CB520160016C4E8 /* menu_button.riv in Resources */,
			);
			runOnlyForDeploymentPostprocessing = 0;
		};
		CF3ED9AE2CAD37CA0087D136 /* Resources */ = {
			isa = PBXResourcesBuildPhase;
			buildActionMask = 2147483647;
			files = (
			);
			runOnlyForDeploymentPostprocessing = 0;
		};
		CF3ED9B82CAD37CA0087D136 /* Resources */ = {
			isa = PBXResourcesBuildPhase;
			buildActionMask = 2147483647;
			files = (
			);
			runOnlyForDeploymentPostprocessing = 0;
		};
/* End PBXResourcesBuildPhase section */

/* Begin PBXSourcesBuildPhase section */
		CF3ED9972CAD37C90087D136 /* Sources */ = {
			isa = PBXSourcesBuildPhase;
			buildActionMask = 2147483647;
			files = (
				3F60C0DA2CAFC2A1008D2AB3 /* AppDelegate.swift in Sources */,
				CFABDF432CC3B69400724489 /* GradientIconTextField.swift in Sources */,
				CF3ED9CE2CAD37EB0087D136 /* SpeechRecognizer.swift in Sources */,
				CF38246E2CC2800000A3BE86 /* TabBar.swift in Sources */,
				CFCBC6F12CB1677C00833DB2 /* UserProfileModel.swift in Sources */,
				CF3ED9AB2CAD37CA0087D136 /* SwiftSpeak.xcdatamodeld in Sources */,
				CF3ED9D82CAD83B40087D136 /* UserSelectSpeedTypeView.swift in Sources */,
				3F60C0D62CAFC17F008D2AB3 /* AuthenticationManager.swift in Sources */,
				CFCBC6EE2CB166AB00833DB2 /* UserProfileView.swift in Sources */,
				3F5189692CC1110600039B19 /* RecordingsListView.swift in Sources */,
				3F60C0D82CAFC1B8008D2AB3 /* AuthenticationView.swift in Sources */,
				CFCBC6F72CB17D2300833DB2 /* SplashScreen.swift in Sources */,
				CFCBC6F42CB173D700833DB2 /* SolidButton.swift in Sources */,
				CFABDF452CC3B6F200724489 /* VisualEffectBlur.swift in Sources */,
				CFCBC6F92CB1A53200833DB2 /* Extensions.swift in Sources */,
				CF3824A92CC3B39400A3BE86 /* GradientTextField.swift in Sources */,
				CF3ED9D02CAD38050087D136 /* MeetingView.swift in Sources */,
				CFABDF542CC403E500724489 /* RadialButton.swift in Sources */,
				CFCBC6EC2CB1616C00833DB2 /* MessageHelper.swift in Sources */,
				CF3ED9A82CAD37CA0087D136 /* Persistence.swift in Sources */,
				CF3ED9A12CAD37C90087D136 /* ContentView.swift in Sources */,
				CF3ED99F2CAD37C90087D136 /* SwiftSpeakApp.swift in Sources */,
				CFCBC5CB2CADB49300833DB2 /* Constants.swift in Sources */,
			);
			runOnlyForDeploymentPostprocessing = 0;
		};
		CF3ED9AC2CAD37CA0087D136 /* Sources */ = {
			isa = PBXSourcesBuildPhase;
			buildActionMask = 2147483647;
			files = (
				CF3ED9B52CAD37CA0087D136 /* SwiftSpeakTests.swift in Sources */,
			);
			runOnlyForDeploymentPostprocessing = 0;
		};
		CF3ED9B62CAD37CA0087D136 /* Sources */ = {
			isa = PBXSourcesBuildPhase;
			buildActionMask = 2147483647;
			files = (
				CF3ED9BF2CAD37CA0087D136 /* SwiftSpeakUITests.swift in Sources */,
				CF3ED9C12CAD37CA0087D136 /* SwiftSpeakUITestsLaunchTests.swift in Sources */,
			);
			runOnlyForDeploymentPostprocessing = 0;
		};
/* End PBXSourcesBuildPhase section */

/* Begin PBXTargetDependency section */
		CF3ED9B22CAD37CA0087D136 /* PBXTargetDependency */ = {
			isa = PBXTargetDependency;
			target = CF3ED99A2CAD37C90087D136 /* SwiftSpeak */;
			targetProxy = CF3ED9B12CAD37CA0087D136 /* PBXContainerItemProxy */;
		};
		CF3ED9BC2CAD37CA0087D136 /* PBXTargetDependency */ = {
			isa = PBXTargetDependency;
			target = CF3ED99A2CAD37C90087D136 /* SwiftSpeak */;
			targetProxy = CF3ED9BB2CAD37CA0087D136 /* PBXContainerItemProxy */;
		};
/* End PBXTargetDependency section */

/* Begin XCBuildConfiguration section */
		CF3ED9C22CAD37CA0087D136 /* Debug */ = {
			isa = XCBuildConfiguration;
			buildSettings = {
				ALWAYS_SEARCH_USER_PATHS = NO;
				ASSETCATALOG_COMPILER_GENERATE_SWIFT_ASSET_SYMBOL_EXTENSIONS = YES;
				CLANG_ANALYZER_NONNULL = YES;
				CLANG_ANALYZER_NUMBER_OBJECT_CONVERSION = YES_AGGRESSIVE;
				CLANG_CXX_LANGUAGE_STANDARD = "gnu++20";
				CLANG_ENABLE_MODULES = YES;
				CLANG_ENABLE_OBJC_ARC = YES;
				CLANG_ENABLE_OBJC_WEAK = YES;
				CLANG_WARN_BLOCK_CAPTURE_AUTORELEASING = YES;
				CLANG_WARN_BOOL_CONVERSION = YES;
				CLANG_WARN_COMMA = YES;
				CLANG_WARN_CONSTANT_CONVERSION = YES;
				CLANG_WARN_DEPRECATED_OBJC_IMPLEMENTATIONS = YES;
				CLANG_WARN_DIRECT_OBJC_ISA_USAGE = YES_ERROR;
				CLANG_WARN_DOCUMENTATION_COMMENTS = YES;
				CLANG_WARN_EMPTY_BODY = YES;
				CLANG_WARN_ENUM_CONVERSION = YES;
				CLANG_WARN_INFINITE_RECURSION = YES;
				CLANG_WARN_INT_CONVERSION = YES;
				CLANG_WARN_NON_LITERAL_NULL_CONVERSION = YES;
				CLANG_WARN_OBJC_IMPLICIT_RETAIN_SELF = YES;
				CLANG_WARN_OBJC_LITERAL_CONVERSION = YES;
				CLANG_WARN_OBJC_ROOT_CLASS = YES_ERROR;
				CLANG_WARN_QUOTED_INCLUDE_IN_FRAMEWORK_HEADER = YES;
				CLANG_WARN_RANGE_LOOP_ANALYSIS = YES;
				CLANG_WARN_STRICT_PROTOTYPES = YES;
				CLANG_WARN_SUSPICIOUS_MOVE = YES;
				CLANG_WARN_UNGUARDED_AVAILABILITY = YES_AGGRESSIVE;
				CLANG_WARN_UNREACHABLE_CODE = YES;
				CLANG_WARN__DUPLICATE_METHOD_MATCH = YES;
				COPY_PHASE_STRIP = NO;
				DEBUG_INFORMATION_FORMAT = dwarf;
				ENABLE_STRICT_OBJC_MSGSEND = YES;
				ENABLE_TESTABILITY = YES;
				ENABLE_USER_SCRIPT_SANDBOXING = YES;
				GCC_C_LANGUAGE_STANDARD = gnu17;
				GCC_DYNAMIC_NO_PIC = NO;
				GCC_NO_COMMON_BLOCKS = YES;
				GCC_OPTIMIZATION_LEVEL = 0;
				GCC_PREPROCESSOR_DEFINITIONS = (
					"DEBUG=1",
					"$(inherited)",
				);
				GCC_WARN_64_TO_32_BIT_CONVERSION = YES;
				GCC_WARN_ABOUT_RETURN_TYPE = YES_ERROR;
				GCC_WARN_UNDECLARED_SELECTOR = YES;
				GCC_WARN_UNINITIALIZED_AUTOS = YES_AGGRESSIVE;
				GCC_WARN_UNUSED_FUNCTION = YES;
				GCC_WARN_UNUSED_VARIABLE = YES;
				IPHONEOS_DEPLOYMENT_TARGET = 18.0;
				LOCALIZATION_PREFERS_STRING_CATALOGS = YES;
				MTL_ENABLE_DEBUG_INFO = INCLUDE_SOURCE;
				MTL_FAST_MATH = YES;
				ONLY_ACTIVE_ARCH = YES;
				SDKROOT = iphoneos;
				SWIFT_ACTIVE_COMPILATION_CONDITIONS = "DEBUG $(inherited)";
				SWIFT_OPTIMIZATION_LEVEL = "-Onone";
			};
			name = Debug;
		};
		CF3ED9C32CAD37CA0087D136 /* Release */ = {
			isa = XCBuildConfiguration;
			buildSettings = {
				ALWAYS_SEARCH_USER_PATHS = NO;
				ASSETCATALOG_COMPILER_GENERATE_SWIFT_ASSET_SYMBOL_EXTENSIONS = YES;
				CLANG_ANALYZER_NONNULL = YES;
				CLANG_ANALYZER_NUMBER_OBJECT_CONVERSION = YES_AGGRESSIVE;
				CLANG_CXX_LANGUAGE_STANDARD = "gnu++20";
				CLANG_ENABLE_MODULES = YES;
				CLANG_ENABLE_OBJC_ARC = YES;
				CLANG_ENABLE_OBJC_WEAK = YES;
				CLANG_WARN_BLOCK_CAPTURE_AUTORELEASING = YES;
				CLANG_WARN_BOOL_CONVERSION = YES;
				CLANG_WARN_COMMA = YES;
				CLANG_WARN_CONSTANT_CONVERSION = YES;
				CLANG_WARN_DEPRECATED_OBJC_IMPLEMENTATIONS = YES;
				CLANG_WARN_DIRECT_OBJC_ISA_USAGE = YES_ERROR;
				CLANG_WARN_DOCUMENTATION_COMMENTS = YES;
				CLANG_WARN_EMPTY_BODY = YES;
				CLANG_WARN_ENUM_CONVERSION = YES;
				CLANG_WARN_INFINITE_RECURSION = YES;
				CLANG_WARN_INT_CONVERSION = YES;
				CLANG_WARN_NON_LITERAL_NULL_CONVERSION = YES;
				CLANG_WARN_OBJC_IMPLICIT_RETAIN_SELF = YES;
				CLANG_WARN_OBJC_LITERAL_CONVERSION = YES;
				CLANG_WARN_OBJC_ROOT_CLASS = YES_ERROR;
				CLANG_WARN_QUOTED_INCLUDE_IN_FRAMEWORK_HEADER = YES;
				CLANG_WARN_RANGE_LOOP_ANALYSIS = YES;
				CLANG_WARN_STRICT_PROTOTYPES = YES;
				CLANG_WARN_SUSPICIOUS_MOVE = YES;
				CLANG_WARN_UNGUARDED_AVAILABILITY = YES_AGGRESSIVE;
				CLANG_WARN_UNREACHABLE_CODE = YES;
				CLANG_WARN__DUPLICATE_METHOD_MATCH = YES;
				COPY_PHASE_STRIP = NO;
				DEBUG_INFORMATION_FORMAT = "dwarf-with-dsym";
				ENABLE_NS_ASSERTIONS = NO;
				ENABLE_STRICT_OBJC_MSGSEND = YES;
				ENABLE_USER_SCRIPT_SANDBOXING = YES;
				GCC_C_LANGUAGE_STANDARD = gnu17;
				GCC_NO_COMMON_BLOCKS = YES;
				GCC_WARN_64_TO_32_BIT_CONVERSION = YES;
				GCC_WARN_ABOUT_RETURN_TYPE = YES_ERROR;
				GCC_WARN_UNDECLARED_SELECTOR = YES;
				GCC_WARN_UNINITIALIZED_AUTOS = YES_AGGRESSIVE;
				GCC_WARN_UNUSED_FUNCTION = YES;
				GCC_WARN_UNUSED_VARIABLE = YES;
				IPHONEOS_DEPLOYMENT_TARGET = 18.0;
				LOCALIZATION_PREFERS_STRING_CATALOGS = YES;
				MTL_ENABLE_DEBUG_INFO = NO;
				MTL_FAST_MATH = YES;
				SDKROOT = iphoneos;
				SWIFT_COMPILATION_MODE = wholemodule;
				VALIDATE_PRODUCT = YES;
			};
			name = Release;
		};
		CF3ED9C52CAD37CA0087D136 /* Debug */ = {
			isa = XCBuildConfiguration;
			buildSettings = {
				ASSETCATALOG_COMPILER_APPICON_NAME = AppIcon;
				ASSETCATALOG_COMPILER_GLOBAL_ACCENT_COLOR_NAME = AccentColor;
				CODE_SIGN_IDENTITY = "Apple Development";
				CODE_SIGN_STYLE = Automatic;
				CURRENT_PROJECT_VERSION = 1;
				DEVELOPMENT_ASSET_PATHS = "\"SwiftSpeak/Preview Content\"";
				DEVELOPMENT_TEAM = 2Z874VRKHL;
				ENABLE_PREVIEWS = YES;
				GENERATE_INFOPLIST_FILE = YES;
				INFOPLIST_FILE = SwiftSpeak/Info.plist;
				INFOPLIST_KEY_LSApplicationCategoryType = "";
				INFOPLIST_KEY_NSMicrophoneUsageDescription = "We need access to your microphone for recording speech.";
				INFOPLIST_KEY_NSSpeechRecognitionUsageDescription = "You can view a text transcription of your meeting in the app";
				INFOPLIST_KEY_UIApplicationSceneManifest_Generation = YES;
				INFOPLIST_KEY_UIApplicationSupportsIndirectInputEvents = YES;
				INFOPLIST_KEY_UILaunchScreen_Generation = YES;
				INFOPLIST_KEY_UISupportedInterfaceOrientations_iPad = "UIInterfaceOrientationPortrait UIInterfaceOrientationPortraitUpsideDown UIInterfaceOrientationLandscapeLeft UIInterfaceOrientationLandscapeRight";
				INFOPLIST_KEY_UISupportedInterfaceOrientations_iPhone = "UIInterfaceOrientationPortrait UIInterfaceOrientationLandscapeLeft UIInterfaceOrientationLandscapeRight";
				IPHONEOS_DEPLOYMENT_TARGET = 18.0;
				LD_RUNPATH_SEARCH_PATHS = (
					"$(inherited)",
					"@executable_path/Frameworks",
				);
				MARKETING_VERSION = 1.0;
				PRODUCT_BUNDLE_IDENTIFIER = com.rmit.SwiftSpeak1;
				PRODUCT_NAME = "$(TARGET_NAME)";
				PROVISIONING_PROFILE_SPECIFIER = "";
				SWIFT_EMIT_LOC_STRINGS = YES;
				SWIFT_VERSION = 5.0;
				TARGETED_DEVICE_FAMILY = "1,2";
			};
			name = Debug;
		};
		CF3ED9C62CAD37CA0087D136 /* Release */ = {
			isa = XCBuildConfiguration;
			buildSettings = {
				ASSETCATALOG_COMPILER_APPICON_NAME = AppIcon;
				ASSETCATALOG_COMPILER_GLOBAL_ACCENT_COLOR_NAME = AccentColor;
				CODE_SIGN_IDENTITY = "Apple Development";
				CODE_SIGN_STYLE = Automatic;
				CURRENT_PROJECT_VERSION = 1;
				DEVELOPMENT_ASSET_PATHS = "\"SwiftSpeak/Preview Content\"";
				DEVELOPMENT_TEAM = 2Z874VRKHL;
				ENABLE_PREVIEWS = YES;
				GENERATE_INFOPLIST_FILE = YES;
				INFOPLIST_FILE = SwiftSpeak/Info.plist;
				INFOPLIST_KEY_LSApplicationCategoryType = "";
				INFOPLIST_KEY_NSMicrophoneUsageDescription = "We need access to your microphone for recording speech.";
				INFOPLIST_KEY_NSSpeechRecognitionUsageDescription = "You can view a text transcription of your meeting in the app";
				INFOPLIST_KEY_UIApplicationSceneManifest_Generation = YES;
				INFOPLIST_KEY_UIApplicationSupportsIndirectInputEvents = YES;
				INFOPLIST_KEY_UILaunchScreen_Generation = YES;
				INFOPLIST_KEY_UISupportedInterfaceOrientations_iPad = "UIInterfaceOrientationPortrait UIInterfaceOrientationPortraitUpsideDown UIInterfaceOrientationLandscapeLeft UIInterfaceOrientationLandscapeRight";
				INFOPLIST_KEY_UISupportedInterfaceOrientations_iPhone = "UIInterfaceOrientationPortrait UIInterfaceOrientationLandscapeLeft UIInterfaceOrientationLandscapeRight";
				IPHONEOS_DEPLOYMENT_TARGET = 18.0;
				LD_RUNPATH_SEARCH_PATHS = (
					"$(inherited)",
					"@executable_path/Frameworks",
				);
				MARKETING_VERSION = 1.0;
				PRODUCT_BUNDLE_IDENTIFIER = com.rmit.SwiftSpeak1;
				PRODUCT_NAME = "$(TARGET_NAME)";
				PROVISIONING_PROFILE_SPECIFIER = "";
				SWIFT_EMIT_LOC_STRINGS = YES;
				SWIFT_VERSION = 5.0;
				TARGETED_DEVICE_FAMILY = "1,2";
			};
			name = Release;
		};
		CF3ED9C82CAD37CA0087D136 /* Debug */ = {
			isa = XCBuildConfiguration;
			buildSettings = {
				BUNDLE_LOADER = "$(TEST_HOST)";
				CODE_SIGN_STYLE = Automatic;
				CURRENT_PROJECT_VERSION = 1;
				GENERATE_INFOPLIST_FILE = YES;
				IPHONEOS_DEPLOYMENT_TARGET = 17.5;
				MARKETING_VERSION = 1.0;
				PRODUCT_BUNDLE_IDENTIFIER = com.rmit.SwiftSpeakTests;
				PRODUCT_NAME = "$(TARGET_NAME)";
				SWIFT_EMIT_LOC_STRINGS = NO;
				SWIFT_VERSION = 5.0;
				TARGETED_DEVICE_FAMILY = "1,2";
				TEST_HOST = "$(BUILT_PRODUCTS_DIR)/SwiftSpeak.app/$(BUNDLE_EXECUTABLE_FOLDER_PATH)/SwiftSpeak";
			};
			name = Debug;
		};
		CF3ED9C92CAD37CA0087D136 /* Release */ = {
			isa = XCBuildConfiguration;
			buildSettings = {
				BUNDLE_LOADER = "$(TEST_HOST)";
				CODE_SIGN_STYLE = Automatic;
				CURRENT_PROJECT_VERSION = 1;
				GENERATE_INFOPLIST_FILE = YES;
				IPHONEOS_DEPLOYMENT_TARGET = 17.5;
				MARKETING_VERSION = 1.0;
				PRODUCT_BUNDLE_IDENTIFIER = com.rmit.SwiftSpeakTests;
				PRODUCT_NAME = "$(TARGET_NAME)";
				SWIFT_EMIT_LOC_STRINGS = NO;
				SWIFT_VERSION = 5.0;
				TARGETED_DEVICE_FAMILY = "1,2";
				TEST_HOST = "$(BUILT_PRODUCTS_DIR)/SwiftSpeak.app/$(BUNDLE_EXECUTABLE_FOLDER_PATH)/SwiftSpeak";
			};
			name = Release;
		};
		CF3ED9CB2CAD37CA0087D136 /* Debug */ = {
			isa = XCBuildConfiguration;
			buildSettings = {
				CODE_SIGN_STYLE = Automatic;
				CURRENT_PROJECT_VERSION = 1;
				GENERATE_INFOPLIST_FILE = YES;
				MARKETING_VERSION = 1.0;
				PRODUCT_BUNDLE_IDENTIFIER = com.rmit.SwiftSpeakUITests;
				PRODUCT_NAME = "$(TARGET_NAME)";
				SWIFT_EMIT_LOC_STRINGS = NO;
				SWIFT_VERSION = 5.0;
				TARGETED_DEVICE_FAMILY = "1,2";
				TEST_TARGET_NAME = SwiftSpeak;
			};
			name = Debug;
		};
		CF3ED9CC2CAD37CA0087D136 /* Release */ = {
			isa = XCBuildConfiguration;
			buildSettings = {
				CODE_SIGN_STYLE = Automatic;
				CURRENT_PROJECT_VERSION = 1;
				GENERATE_INFOPLIST_FILE = YES;
				MARKETING_VERSION = 1.0;
				PRODUCT_BUNDLE_IDENTIFIER = com.rmit.SwiftSpeakUITests;
				PRODUCT_NAME = "$(TARGET_NAME)";
				SWIFT_EMIT_LOC_STRINGS = NO;
				SWIFT_VERSION = 5.0;
				TARGETED_DEVICE_FAMILY = "1,2";
				TEST_TARGET_NAME = SwiftSpeak;
			};
			name = Release;
		};
/* End XCBuildConfiguration section */

/* Begin XCConfigurationList section */
		CF3ED9962CAD37C90087D136 /* Build configuration list for PBXProject "SwiftSpeak" */ = {
			isa = XCConfigurationList;
			buildConfigurations = (
				CF3ED9C22CAD37CA0087D136 /* Debug */,
				CF3ED9C32CAD37CA0087D136 /* Release */,
			);
			defaultConfigurationIsVisible = 0;
			defaultConfigurationName = Release;
		};
		CF3ED9C42CAD37CA0087D136 /* Build configuration list for PBXNativeTarget "SwiftSpeak" */ = {
			isa = XCConfigurationList;
			buildConfigurations = (
				CF3ED9C52CAD37CA0087D136 /* Debug */,
				CF3ED9C62CAD37CA0087D136 /* Release */,
			);
			defaultConfigurationIsVisible = 0;
			defaultConfigurationName = Release;
		};
		CF3ED9C72CAD37CA0087D136 /* Build configuration list for PBXNativeTarget "SwiftSpeakTests" */ = {
			isa = XCConfigurationList;
			buildConfigurations = (
				CF3ED9C82CAD37CA0087D136 /* Debug */,
				CF3ED9C92CAD37CA0087D136 /* Release */,
			);
			defaultConfigurationIsVisible = 0;
			defaultConfigurationName = Release;
		};
		CF3ED9CA2CAD37CA0087D136 /* Build configuration list for PBXNativeTarget "SwiftSpeakUITests" */ = {
			isa = XCConfigurationList;
			buildConfigurations = (
				CF3ED9CB2CAD37CA0087D136 /* Debug */,
				CF3ED9CC2CAD37CA0087D136 /* Release */,
			);
			defaultConfigurationIsVisible = 0;
			defaultConfigurationName = Release;
		};
/* End XCConfigurationList section */

/* Begin XCRemoteSwiftPackageReference section */
		CF7A659F2CB5203C0016C4E8 /* XCRemoteSwiftPackageReference "rive-ios" */ = {
			isa = XCRemoteSwiftPackageReference;
			repositoryURL = "https://github.com/rive-app/rive-ios.git";
			requirement = {
				kind = upToNextMajorVersion;
				minimumVersion = 6.1.5;
			};
		};
		CFCBC6CA2CB1394000833DB2 /* XCRemoteSwiftPackageReference "facebook-ios-sdk" */ = {
			isa = XCRemoteSwiftPackageReference;
			repositoryURL = "https://github.com/facebook/facebook-ios-sdk";
			requirement = {
				kind = upToNextMajorVersion;
				minimumVersion = 14.1.0;
			};
		};
		CFCBC6D92CB139B800833DB2 /* XCRemoteSwiftPackageReference "firebase-ios-sdk" */ = {
			isa = XCRemoteSwiftPackageReference;
			repositoryURL = "https://github.com/firebase/firebase-ios-sdk";
			requirement = {
				kind = upToNextMajorVersion;
				minimumVersion = 11.3.0;
			};
		};
		CFCBC6E62CB15D3200833DB2 /* XCRemoteSwiftPackageReference "GoogleSignIn-iOS" */ = {
			isa = XCRemoteSwiftPackageReference;
			repositoryURL = "https://github.com/google/GoogleSignIn-iOS";
			requirement = {
				kind = upToNextMajorVersion;
				minimumVersion = 8.0.0;
			};
		};
/* End XCRemoteSwiftPackageReference section */

/* Begin XCSwiftPackageProductDependency section */
		CF7A65A02CB5203C0016C4E8 /* RiveRuntime */ = {
			isa = XCSwiftPackageProductDependency;
			package = CF7A659F2CB5203C0016C4E8 /* XCRemoteSwiftPackageReference "rive-ios" */;
			productName = RiveRuntime;
		};
		CFCBC6CD2CB1394000833DB2 /* FacebookBasics */ = {
			isa = XCSwiftPackageProductDependency;
			package = CFCBC6CA2CB1394000833DB2 /* XCRemoteSwiftPackageReference "facebook-ios-sdk" */;
			productName = FacebookBasics;
		};
		CFCBC6CF2CB1394000833DB2 /* FacebookCore */ = {
			isa = XCSwiftPackageProductDependency;
			package = CFCBC6CA2CB1394000833DB2 /* XCRemoteSwiftPackageReference "facebook-ios-sdk" */;
			productName = FacebookCore;
		};
		CFCBC6D32CB1394000833DB2 /* FacebookLogin */ = {
			isa = XCSwiftPackageProductDependency;
			package = CFCBC6CA2CB1394000833DB2 /* XCRemoteSwiftPackageReference "facebook-ios-sdk" */;
			productName = FacebookLogin;
		};
		CFCBC6DA2CB139B800833DB2 /* FirebaseAuth */ = {
			isa = XCSwiftPackageProductDependency;
			package = CFCBC6D92CB139B800833DB2 /* XCRemoteSwiftPackageReference "firebase-ios-sdk" */;
			productName = FirebaseAuth;
		};
		CFCBC6DC2CB139B800833DB2 /* FirebaseAuthCombine-Community */ = {
			isa = XCSwiftPackageProductDependency;
			package = CFCBC6D92CB139B800833DB2 /* XCRemoteSwiftPackageReference "firebase-ios-sdk" */;
			productName = "FirebaseAuthCombine-Community";
		};
		CFCBC6DE2CB139B800833DB2 /* FirebaseCore */ = {
			isa = XCSwiftPackageProductDependency;
			package = CFCBC6D92CB139B800833DB2 /* XCRemoteSwiftPackageReference "firebase-ios-sdk" */;
			productName = FirebaseCore;
		};
		CFCBC6E02CB139B800833DB2 /* FirebaseDatabase */ = {
			isa = XCSwiftPackageProductDependency;
			package = CFCBC6D92CB139B800833DB2 /* XCRemoteSwiftPackageReference "firebase-ios-sdk" */;
			productName = FirebaseDatabase;
		};
		CFCBC6E22CB139B800833DB2 /* FirebaseFirestore */ = {
			isa = XCSwiftPackageProductDependency;
			package = CFCBC6D92CB139B800833DB2 /* XCRemoteSwiftPackageReference "firebase-ios-sdk" */;
			productName = FirebaseFirestore;
		};
		CFCBC6E42CB139B800833DB2 /* FirebaseStorage */ = {
			isa = XCSwiftPackageProductDependency;
			package = CFCBC6D92CB139B800833DB2 /* XCRemoteSwiftPackageReference "firebase-ios-sdk" */;
			productName = FirebaseStorage;
		};
		CFCBC6E72CB15D3200833DB2 /* GoogleSignIn */ = {
			isa = XCSwiftPackageProductDependency;
			package = CFCBC6E62CB15D3200833DB2 /* XCRemoteSwiftPackageReference "GoogleSignIn-iOS" */;
			productName = GoogleSignIn;
		};
		CFCBC6E92CB15D3200833DB2 /* GoogleSignInSwift */ = {
			isa = XCSwiftPackageProductDependency;
			package = CFCBC6E62CB15D3200833DB2 /* XCRemoteSwiftPackageReference "GoogleSignIn-iOS" */;
			productName = GoogleSignInSwift;
		};
/* End XCSwiftPackageProductDependency section */

/* Begin XCVersionGroup section */
		CF3ED9A92CAD37CA0087D136 /* SwiftSpeak.xcdatamodeld */ = {
			isa = XCVersionGroup;
			children = (
				CF3ED9AA2CAD37CA0087D136 /* SwiftSpeak.xcdatamodel */,
			);
			currentVersion = CF3ED9AA2CAD37CA0087D136 /* SwiftSpeak.xcdatamodel */;
			path = SwiftSpeak.xcdatamodeld;
			sourceTree = "<group>";
			versionGroupType = wrapper.xcdatamodel;
		};
/* End XCVersionGroup section */
	};
	rootObject = CF3ED9932CAD37C90087D136 /* Project object */;
}
